
Microsoft Visual Studio Solution File, Format Version 12.00
# Visual Studio Version 16
VisualStudioVersion = 16.0.30001.183
MinimumVisualStudioVersion = 10.0.40219.1
Project("{FAE04EC0-301F-11D3-BF4B-00C04F79EFBC}") = "Arslan.Net.Extensions.Builder.Tests", "Arslan.Net.Extensions.Builder.Tests.csproj", "{C014F3EC-2968-43F7-83AA-F8CB5DA08A19}"
EndProject
Project("{FAE04EC0-301F-11D3-BF4B-00C04F79EFBC}") = "Arslan.Net.Extensions.Builder", "..\Arslan.Net.Extensions.Builder\Arslan.Net.Extensions.Builder.csproj", "{9EA8D1CE-68C0-44CB-9EE4-BC0264C4E81C}"
EndProject
Global
	GlobalSection(SolutionConfigurationPlatforms) = preSolution
		Debug|Any CPU = Debug|Any CPU
		Release|Any CPU = Release|Any CPU
	EndGlobalSection
	GlobalSection(ProjectConfigurationPlatforms) = postSolution
		{C014F3EC-2968-43F7-83AA-F8CB5DA08A19}.Debug|Any CPU.ActiveCfg = Debug|Any CPU
		{C014F3EC-2968-43F7-83AA-F8CB5DA08A19}.Debug|Any CPU.Build.0 = Debug|Any CPU
		{C014F3EC-2968-43F7-83AA-F8CB5DA08A19}.Release|Any CPU.ActiveCfg = Release|Any CPU
		{C014F3EC-2968-43F7-83AA-F8CB5DA08A19}.Release|Any CPU.Build.0 = Release|Any CPU
		{9EA8D1CE-68C0-44CB-9EE4-BC0264C4E81C}.Debug|Any CPU.ActiveCfg = Debug|Any CPU
		{9EA8D1CE-68C0-44CB-9EE4-BC0264C4E81C}.Debug|Any CPU.Build.0 = Debug|Any CPU
		{9EA8D1CE-68C0-44CB-9EE4-BC0264C4E81C}.Release|Any CPU.ActiveCfg = Release|Any CPU
		{9EA8D1CE-68C0-44CB-9EE4-BC0264C4E81C}.Release|Any CPU.Build.0 = Release|Any CPU
	EndGlobalSection
	GlobalSection(SolutionProperties) = preSolution
		HideSolutionNode = FALSE
	EndGlobalSection
	GlobalSection(ExtensibilityGlobals) = postSolution
		SolutionGuid = {A75F6326-A3BE-46A6-89D5-B73D6C81701D}
	EndGlobalSection
EndGlobal
